
Microsoft Visual Studio Solution File, Format Version 12.00
# Visual Studio 14
VisualStudioVersion = 14.0.23107.0
MinimumVisualStudioVersion = 10.0.40219.1
Project("{FAE04EC0-301F-11D3-BF4B-00C04F79EFBC}") = "iFMIS_BMS", "iFMIS-BMS\iFMIS_BMS.csproj", "{53A2F06C-2A29-4629-BA5D-9610E7AFD87A}"
EndProject
Global
	GlobalSection(SolutionConfigurationPlatforms) = preSolution
		Debug|Any CPU = Debug|Any CPU
		Release|Any CPU = Release|Any CPU
	EndGlobalSection
	GlobalSection(ProjectConfigurationPlatforms) = postSolution
		{53A2F06C-2A29-4629-BA5D-9610E7AFD87A}.Debug|Any CPU.ActiveCfg = Debug|Any CPU
		{53A2F06C-2A29-4629-BA5D-9610E7AFD87A}.Debug|Any CPU.Build.0 = Debug|Any CPU
		{53A2F06C-2A29-4629-BA5D-9610E7AFD87A}.Release|Any CPU.ActiveCfg = Release|Any CPU
		{53A2F06C-2A29-4629-BA5D-9610E7AFD87A}.Release|Any CPU.Build.0 = Release|Any CPU
	EndGlobalSection
	GlobalSection(SolutionProperties) = preSolution
		HideSolutionNode = FALSE
	EndGlobalSection
EndGlobal
